# image:tag@digest — the compose files reference exactly these. One shared lock: each lab skill
# appends its own section on its first approved pull (docker buildx imagetools inspect <image>:<tag>).

# sar-cybersecurity (compose.sar.yaml, compose.sar-dast.yaml)
semgrep/semgrep:1.179.0@sha256:93963d9295a366f59e4850127b1550400ee7b388f04fe144e4a1f6325d96e01b
opensecurity/njsscan:1.0.1@sha256:f071932db202631d7834930f9f9ec9ce40c4a73e94dcd8b1dcbfb1520adfe597
ghcr.io/securego/gosec:2.29.0@sha256:a6cd2f302b5f692e0b77b25751b299ddfbc0763a9711fa36e5a6bccd5292b0e8
presidentbeef/brakeman:v8.1.0@sha256:a441b1f467e181f21aaa3c2ff76f05180b1b02c8c5ce194bdb453af300b892fd
python:3.13.16-slim@sha256:3dd7cc108ec1493442514f5c2a871af6af0ec31d768ff6e378a93340c3b3db5f
ghcr.io/google/osv-scanner:v2.6.0@sha256:afd838850ac1a0fcc15ff4a041dc9ba11123c3f0d2666217a5f0fcf9222b55fa
anchore/syft:v1.54.0@sha256:0356562f495d432056237fbea5cbc2d4839c9c75cd500784a66de2e7cc95ca7c
anchore/grype:v0.120.0@sha256:5c88961f4130e830542d441c7ed6c78baa28e799163abac53d2be4923fb5ab7d
ghcr.io/gitleaks/gitleaks:v8.30.1@sha256:c00b6bd0aeb3071cbcb79009cb16a60dd9e0a7c60e2be9ab65d25e6bc8abbb7f
bridgecrew/checkov:3.3.21@sha256:9aefe56582004ebdac112fe85c3268dc4d3658231a8f023fb714ba9d29539d53
hadolint/hadolint:v2.15.1@sha256:32dac94127fd60b7b7e3fbfc65e1383b9b5e25c9bfd7b8536de7a539fe68a12d
quay.io/kubescape/kubescape-cli:v4.0.15@sha256:16f1383351936d4085f9eec4a01a08abe34e531629d2e849d3893aaed2c74052
alpine/helm:4.3.0@sha256:a6cf54599ccb99d90cf0712b30f03fdb3cab062e6b94e0418cc4db7e8a1464b2
ghcr.io/sbdchd/squawk:2.67.0@sha256:48cb8552edce6fbe4f3e5826eb92ea3b798bedf79592e1bce5fddc2b7130a082
stoplight/spectral:6.17.0@sha256:c8ffae6ee561b70e80402f1ea669e8b37c74fee48a3dbe2147b71359ed987239
aquasec/trivy:0.75.0@sha256:af6acf9a6b85dfe389a1941505c0ce9efef52a4719635e1a962f022a3d855daa
ghcr.io/zaproxy/zaproxy:2.17.0@sha256:781a2bdaea47324e7bab583e2263f21d257b0aee61ed51521a5be45f5f5081ef
projectdiscovery/nuclei:v3.11.1@sha256:582d5546902e67052097cb2d07296c642d50a1afc5e44623cb038845df9a32eb
sonarqube:26.9.0.129388-community@sha256:c0f1160bccfa435db4168c2d7df69af3c3ea7bfeb87395613014048fb33a68c1
sonarsource/sonar-scanner-cli:12.2.0.4256_8.1.0@sha256:a3f4215076706c95a17a68c19322ee916e40a3acd081a8c1a1e839e0194afa57
postgres:17.11-alpine@sha256:b0f9560a2de083e2cc7382e75f808c7381a32852a7ec49117deedb300e552b24
postgres:18.6-alpine@sha256:77f585114c32fbca283dc835b0596f4e52b51b4c6662d7810b2f4084f60a1873
valkey/valkey:9.1.2-alpine@sha256:48332870af354a799964c0012ae1194a0bf2bf894eb508f945810596dc2d8d11
defectdojo/defectdojo-django:3.3.300@sha256:6516f0f620867b76df766c5adb94a7538ef7c37560102c7b4d7ce4844993261c
defectdojo/defectdojo-nginx:3.3.300@sha256:2804d871ed730caae7c8c524dbb663eb4c500dec48ce92a2773cf880e3389e1d
curlimages/curl:8.22.0@sha256:58adaa4e8dca9c988bae2aba4ab3434a0bb2da16bbe3f92dec39ec7785166777

# devils-advocate (compose.da.yaml; node/python are build bases of da-jscpd, da-depcruise, da-lizard)
golangci/golangci-lint:v2.14.0@sha256:ad862ba6b3798cbe0fd9fd7408d498fd74fbd2623a92406b2fd3898faf0bf98f
rhysd/actionlint:1.7.12@sha256:b1934ee5f1c509618f2508e6eb47ee0d3520686341fec936f3b79331f9315667
sqlfluff/sqlfluff:4.4.0@sha256:6a9083e55b1f4ea437636bc8ca7b55aaa0766a3e43a6d3e5b37614cf97e4e6ac
ankane/pghero:v4.0.1@sha256:e58290f7ee6e66994c14621dcf495c33519a21d2fec0cbc1f37b2593f8f86470
node:22.23.3-alpine@sha256:0a7108bf6c7bf5de370ffb1a3ed6be93d405b43ff159f681a8d18c0e2bc2e402
# (alpine/helm and python:3.13.16-slim: same digests as the sar-cybersecurity entries above)

# ai-rules (compose.docs.yaml)
davidanson/markdownlint-cli2:v0.23.3@sha256:d5f3f3f04b2e285dcbcdcd13b4454d119e273e3c393a9dabd163dba4abad526d
jdkato/vale:v3.24.0@sha256:f5a09410093936d4919d868120786da9789e2652ac321c66a895403eca020ae4
lycheeverse/lychee:0.24.2@sha256:e2d19e57cf6ab037026f20b8e449a1f30d9d7f81eef4194763aab2eab20bd28d
